{
  "nodes": {
    "flakeNimbleLib": {
      "inputs": {
        "nixpkgs": [
          "nixpkgs"
        ]
      },
      "locked": {
        "lastModified": 1662018438,
        "narHash": "sha256-QtNtU6+LX3Wokxf0zlFwKTFOcn6TeDjKQZ+DA9OYtvM=",
        "owner": "riinr",
        "repo": "nim-flakes-lib",
        "rev": "b1fe8340736e3a85d25c709ac3dfd82a55c03cbf",
        "type": "github"
      },
      "original": {
        "owner": "riinr",
        "ref": "master",
        "repo": "nim-flakes-lib",
        "type": "github"
      }
    },
    "nixpkgs": {
      "locked": {
        "lastModified": 1667110639,
        "narHash": "sha256-4FbPESZ5LbqQxkJJJBAfk/zKgF9h/4kyUwjjpJwYlbc=",
        "owner": "NixOS",
        "repo": "nixpkgs",
        "rev": "f38a1f04d1bec1feb61fd101a0539ae2002a7087",
        "type": "github"
      },
      "original": {
        "id": "nixpkgs",
        "type": "indirect"
      }
    },
    "root": {
      "inputs": {
        "flakeNimbleLib": "flakeNimbleLib",
        "nixpkgs": "nixpkgs",
        "soundio-master": "soundio-master"
      }
    },
    "soundio-master": {
      "inputs": {
        "flakeNimbleLib": [
          "flakeNimbleLib"
        ],
        "nixpkgs": [
          "nixpkgs"
        ],
        "src-soundio-master": "src-soundio-master"
      },
      "locked": {
        "dir": "master",
        "lastModified": 1662254838,
        "narHash": "sha256-SF6B4y9NchD0zgEKHL7xmTR+AcPSOz5bUstOhbAQ0j8=",
        "owner": "nim-nix-pkgs",
        "repo": "soundio",
        "rev": "e1cba83f9e28b2af5f9c066a78bf40a722c1bb3a",
        "type": "github"
      },
      "original": {
        "dir": "master",
        "owner": "nim-nix-pkgs",
        "ref": "master",
        "repo": "soundio",
        "type": "github"
      }
    },
    "src-soundio-master": {
      "flake": false,
      "locked": {
        "lastModified": 1630751828,
        "narHash": "sha256-N5soyMbpO2RTwBaAF+61w9CvW8s4OebyXm4KaXWzCoA=",
        "owner": "ul",
        "repo": "soundio",
        "rev": "dba4aea9ce33b049522f12023108dc4779a4fef2",
        "type": "github"
      },
      "original": {
        "owner": "ul",
        "ref": "refs/heads/master",
        "repo": "soundio",
        "type": "github"
      }
    }
  },
  "root": "root",
  "version": 7
}
